
Microsoft Visual Studio Solution File, Format Version 12.00
# Visual Studio Version 16
VisualStudioVersion = 16.0.31105.61
MinimumVisualStudioVersion = 10.0.40219.1
Project("{8BC9CEB8-8B4A-11D0-8D11-00A0C91BC942}") = "1476. 山形数组的顶峰坐标", "1476. 山形数组的顶峰坐标.vcxproj", "{760F3A3B-DFE3-486D-95F4-39BC7DF3B73B}"
EndProject
Global
	GlobalSection(SolutionConfigurationPlatforms) = preSolution
		Debug|x64 = Debug|x64
		Debug|x86 = Debug|x86
		Release|x64 = Release|x64
		Release|x86 = Release|x86
	EndGlobalSection
	GlobalSection(ProjectConfigurationPlatforms) = postSolution
		{760F3A3B-DFE3-486D-95F4-39BC7DF3B73B}.Debug|x64.ActiveCfg = Debug|x64
		{760F3A3B-DFE3-486D-95F4-39BC7DF3B73B}.Debug|x64.Build.0 = Debug|x64
		{760F3A3B-DFE3-486D-95F4-39BC7DF3B73B}.Debug|x86.ActiveCfg = Debug|Win32
		{760F3A3B-DFE3-486D-95F4-39BC7DF3B73B}.Debug|x86.Build.0 = Debug|Win32
		{760F3A3B-DFE3-486D-95F4-39BC7DF3B73B}.Release|x64.ActiveCfg = Release|x64
		{760F3A3B-DFE3-486D-95F4-39BC7DF3B73B}.Release|x64.Build.0 = Release|x64
		{760F3A3B-DFE3-486D-95F4-39BC7DF3B73B}.Release|x86.ActiveCfg = Release|Win32
		{760F3A3B-DFE3-486D-95F4-39BC7DF3B73B}.Release|x86.Build.0 = Release|Win32
	EndGlobalSection
	GlobalSection(SolutionProperties) = preSolution
		HideSolutionNode = FALSE
	EndGlobalSection
	GlobalSection(ExtensibilityGlobals) = postSolution
		SolutionGuid = {C07EE12B-4792-4499-9CE6-4ACC522EA412}
	EndGlobalSection
EndGlobal
