
Microsoft Visual Studio Solution File, Format Version 12.00
# Visual Studio Version 16
VisualStudioVersion = 16.0.31019.35
MinimumVisualStudioVersion = 10.0.40219.1
Project("{8BC9CEB8-8B4A-11D0-8D11-00A0C91BC942}") = "25. 打印X", "25. 打印X.vcxproj", "{CF636399-9282-4F20-AA20-A795D3841E5C}"
EndProject
Global
	GlobalSection(SolutionConfigurationPlatforms) = preSolution
		Debug|x64 = Debug|x64
		Debug|x86 = Debug|x86
		Release|x64 = Release|x64
		Release|x86 = Release|x86
	EndGlobalSection
	GlobalSection(ProjectConfigurationPlatforms) = postSolution
		{CF636399-9282-4F20-AA20-A795D3841E5C}.Debug|x64.ActiveCfg = Debug|x64
		{CF636399-9282-4F20-AA20-A795D3841E5C}.Debug|x64.Build.0 = Debug|x64
		{CF636399-9282-4F20-AA20-A795D3841E5C}.Debug|x86.ActiveCfg = Debug|Win32
		{CF636399-9282-4F20-AA20-A795D3841E5C}.Debug|x86.Build.0 = Debug|Win32
		{CF636399-9282-4F20-AA20-A795D3841E5C}.Release|x64.ActiveCfg = Release|x64
		{CF636399-9282-4F20-AA20-A795D3841E5C}.Release|x64.Build.0 = Release|x64
		{CF636399-9282-4F20-AA20-A795D3841E5C}.Release|x86.ActiveCfg = Release|Win32
		{CF636399-9282-4F20-AA20-A795D3841E5C}.Release|x86.Build.0 = Release|Win32
	EndGlobalSection
	GlobalSection(SolutionProperties) = preSolution
		HideSolutionNode = FALSE
	EndGlobalSection
	GlobalSection(ExtensibilityGlobals) = postSolution
		SolutionGuid = {B97D9103-DE6E-45BA-AC0F-77A8A6E7770C}
	EndGlobalSection
EndGlobal
