
Microsoft Visual Studio Solution File, Format Version 12.00
# Visual Studio Version 16
VisualStudioVersion = 16.0.31025.194
MinimumVisualStudioVersion = 10.0.40219.1
Project("{8BC9CEB8-8B4A-11D0-8D11-00A0C91BC942}") = "114. 不同的路径", "114. 不同的路径.vcxproj", "{4E076EBB-30F6-4240-8EE4-2FBF65FECED3}"
EndProject
Global
	GlobalSection(SolutionConfigurationPlatforms) = preSolution
		Debug|x64 = Debug|x64
		Debug|x86 = Debug|x86
		Release|x64 = Release|x64
		Release|x86 = Release|x86
	EndGlobalSection
	GlobalSection(ProjectConfigurationPlatforms) = postSolution
		{4E076EBB-30F6-4240-8EE4-2FBF65FECED3}.Debug|x64.ActiveCfg = Debug|x64
		{4E076EBB-30F6-4240-8EE4-2FBF65FECED3}.Debug|x64.Build.0 = Debug|x64
		{4E076EBB-30F6-4240-8EE4-2FBF65FECED3}.Debug|x86.ActiveCfg = Debug|Win32
		{4E076EBB-30F6-4240-8EE4-2FBF65FECED3}.Debug|x86.Build.0 = Debug|Win32
		{4E076EBB-30F6-4240-8EE4-2FBF65FECED3}.Release|x64.ActiveCfg = Release|x64
		{4E076EBB-30F6-4240-8EE4-2FBF65FECED3}.Release|x64.Build.0 = Release|x64
		{4E076EBB-30F6-4240-8EE4-2FBF65FECED3}.Release|x86.ActiveCfg = Release|Win32
		{4E076EBB-30F6-4240-8EE4-2FBF65FECED3}.Release|x86.Build.0 = Release|Win32
	EndGlobalSection
	GlobalSection(SolutionProperties) = preSolution
		HideSolutionNode = FALSE
	EndGlobalSection
	GlobalSection(ExtensibilityGlobals) = postSolution
		SolutionGuid = {01C0A41D-862F-4B80-A6E4-6A3998D423F4}
	EndGlobalSection
EndGlobal
