
Microsoft Visual Studio Solution File, Format Version 12.00
# Visual Studio Version 16
VisualStudioVersion = 16.0.31025.194
MinimumVisualStudioVersion = 10.0.40219.1
Project("{8BC9CEB8-8B4A-11D0-8D11-00A0C91BC942}") = "277. 单词间距", "277. 单词间距.vcxproj", "{AFBF0D3F-BA38-4663-BD5C-3914A6CC057F}"
EndProject
Global
	GlobalSection(SolutionConfigurationPlatforms) = preSolution
		Debug|x64 = Debug|x64
		Debug|x86 = Debug|x86
		Release|x64 = Release|x64
		Release|x86 = Release|x86
	EndGlobalSection
	GlobalSection(ProjectConfigurationPlatforms) = postSolution
		{AFBF0D3F-BA38-4663-BD5C-3914A6CC057F}.Debug|x64.ActiveCfg = Debug|x64
		{AFBF0D3F-BA38-4663-BD5C-3914A6CC057F}.Debug|x64.Build.0 = Debug|x64
		{AFBF0D3F-BA38-4663-BD5C-3914A6CC057F}.Debug|x86.ActiveCfg = Debug|Win32
		{AFBF0D3F-BA38-4663-BD5C-3914A6CC057F}.Debug|x86.Build.0 = Debug|Win32
		{AFBF0D3F-BA38-4663-BD5C-3914A6CC057F}.Release|x64.ActiveCfg = Release|x64
		{AFBF0D3F-BA38-4663-BD5C-3914A6CC057F}.Release|x64.Build.0 = Release|x64
		{AFBF0D3F-BA38-4663-BD5C-3914A6CC057F}.Release|x86.ActiveCfg = Release|Win32
		{AFBF0D3F-BA38-4663-BD5C-3914A6CC057F}.Release|x86.Build.0 = Release|Win32
	EndGlobalSection
	GlobalSection(SolutionProperties) = preSolution
		HideSolutionNode = FALSE
	EndGlobalSection
	GlobalSection(ExtensibilityGlobals) = postSolution
		SolutionGuid = {A2F038C4-E18D-415F-835E-8640A1BED38B}
	EndGlobalSection
EndGlobal
