
Microsoft Visual Studio Solution File, Format Version 12.00
# Visual Studio Version 16
VisualStudioVersion = 16.0.31105.61
MinimumVisualStudioVersion = 10.0.40219.1
Project("{8BC9CEB8-8B4A-11D0-8D11-00A0C91BC942}") = "1916. 亮起时间最长的灯", "1916. 亮起时间最长的灯.vcxproj", "{0525DD2F-D01B-435F-BF23-EC871BD7346F}"
EndProject
Global
	GlobalSection(SolutionConfigurationPlatforms) = preSolution
		Debug|x64 = Debug|x64
		Debug|x86 = Debug|x86
		Release|x64 = Release|x64
		Release|x86 = Release|x86
	EndGlobalSection
	GlobalSection(ProjectConfigurationPlatforms) = postSolution
		{0525DD2F-D01B-435F-BF23-EC871BD7346F}.Debug|x64.ActiveCfg = Debug|x64
		{0525DD2F-D01B-435F-BF23-EC871BD7346F}.Debug|x64.Build.0 = Debug|x64
		{0525DD2F-D01B-435F-BF23-EC871BD7346F}.Debug|x86.ActiveCfg = Debug|Win32
		{0525DD2F-D01B-435F-BF23-EC871BD7346F}.Debug|x86.Build.0 = Debug|Win32
		{0525DD2F-D01B-435F-BF23-EC871BD7346F}.Release|x64.ActiveCfg = Release|x64
		{0525DD2F-D01B-435F-BF23-EC871BD7346F}.Release|x64.Build.0 = Release|x64
		{0525DD2F-D01B-435F-BF23-EC871BD7346F}.Release|x86.ActiveCfg = Release|Win32
		{0525DD2F-D01B-435F-BF23-EC871BD7346F}.Release|x86.Build.0 = Release|Win32
	EndGlobalSection
	GlobalSection(SolutionProperties) = preSolution
		HideSolutionNode = FALSE
	EndGlobalSection
	GlobalSection(ExtensibilityGlobals) = postSolution
		SolutionGuid = {AEE42D54-17A3-4587-8110-5F8E9A0B8268}
	EndGlobalSection
EndGlobal
