
Microsoft Visual Studio Solution File, Format Version 12.00
# Visual Studio Version 16
VisualStudioVersion = 16.0.31105.61
MinimumVisualStudioVersion = 10.0.40219.1
Project("{8BC9CEB8-8B4A-11D0-8D11-00A0C91BC942}") = "936. 首字母大写", "936. 首字母大写.vcxproj", "{48A4BE3C-F919-49AF-AF6D-371758C7FA72}"
EndProject
Global
	GlobalSection(SolutionConfigurationPlatforms) = preSolution
		Debug|x64 = Debug|x64
		Debug|x86 = Debug|x86
		Release|x64 = Release|x64
		Release|x86 = Release|x86
	EndGlobalSection
	GlobalSection(ProjectConfigurationPlatforms) = postSolution
		{48A4BE3C-F919-49AF-AF6D-371758C7FA72}.Debug|x64.ActiveCfg = Debug|x64
		{48A4BE3C-F919-49AF-AF6D-371758C7FA72}.Debug|x64.Build.0 = Debug|x64
		{48A4BE3C-F919-49AF-AF6D-371758C7FA72}.Debug|x86.ActiveCfg = Debug|Win32
		{48A4BE3C-F919-49AF-AF6D-371758C7FA72}.Debug|x86.Build.0 = Debug|Win32
		{48A4BE3C-F919-49AF-AF6D-371758C7FA72}.Release|x64.ActiveCfg = Release|x64
		{48A4BE3C-F919-49AF-AF6D-371758C7FA72}.Release|x64.Build.0 = Release|x64
		{48A4BE3C-F919-49AF-AF6D-371758C7FA72}.Release|x86.ActiveCfg = Release|Win32
		{48A4BE3C-F919-49AF-AF6D-371758C7FA72}.Release|x86.Build.0 = Release|Win32
	EndGlobalSection
	GlobalSection(SolutionProperties) = preSolution
		HideSolutionNode = FALSE
	EndGlobalSection
	GlobalSection(ExtensibilityGlobals) = postSolution
		SolutionGuid = {5B7154F3-845C-4545-95AD-86FC8A4DA357}
	EndGlobalSection
EndGlobal
