
Microsoft Visual Studio Solution File, Format Version 12.00
# Visual Studio Version 16
VisualStudioVersion = 16.0.31105.61
MinimumVisualStudioVersion = 10.0.40219.1
Project("{8BC9CEB8-8B4A-11D0-8D11-00A0C91BC942}") = "627. 最长回文串", "627. 最长回文串.vcxproj", "{F7E134D3-8050-41BA-A7AA-970F095DEFCA}"
EndProject
Global
	GlobalSection(SolutionConfigurationPlatforms) = preSolution
		Debug|x64 = Debug|x64
		Debug|x86 = Debug|x86
		Release|x64 = Release|x64
		Release|x86 = Release|x86
	EndGlobalSection
	GlobalSection(ProjectConfigurationPlatforms) = postSolution
		{F7E134D3-8050-41BA-A7AA-970F095DEFCA}.Debug|x64.ActiveCfg = Debug|x64
		{F7E134D3-8050-41BA-A7AA-970F095DEFCA}.Debug|x64.Build.0 = Debug|x64
		{F7E134D3-8050-41BA-A7AA-970F095DEFCA}.Debug|x86.ActiveCfg = Debug|Win32
		{F7E134D3-8050-41BA-A7AA-970F095DEFCA}.Debug|x86.Build.0 = Debug|Win32
		{F7E134D3-8050-41BA-A7AA-970F095DEFCA}.Release|x64.ActiveCfg = Release|x64
		{F7E134D3-8050-41BA-A7AA-970F095DEFCA}.Release|x64.Build.0 = Release|x64
		{F7E134D3-8050-41BA-A7AA-970F095DEFCA}.Release|x86.ActiveCfg = Release|Win32
		{F7E134D3-8050-41BA-A7AA-970F095DEFCA}.Release|x86.Build.0 = Release|Win32
	EndGlobalSection
	GlobalSection(SolutionProperties) = preSolution
		HideSolutionNode = FALSE
	EndGlobalSection
	GlobalSection(ExtensibilityGlobals) = postSolution
		SolutionGuid = {97A10DC6-57F0-41D9-A138-9F4DBD7F1DFA}
	EndGlobalSection
EndGlobal
