
Microsoft Visual Studio Solution File, Format Version 12.00
# Visual Studio Version 16
VisualStudioVersion = 16.0.31105.61
MinimumVisualStudioVersion = 10.0.40219.1
Project("{8BC9CEB8-8B4A-11D0-8D11-00A0C91BC942}") = "1333. 颠倒二进制位", "1333. 颠倒二进制位.vcxproj", "{9FF17DC8-896E-4167-9020-FF875C70DE90}"
EndProject
Global
	GlobalSection(SolutionConfigurationPlatforms) = preSolution
		Debug|x64 = Debug|x64
		Debug|x86 = Debug|x86
		Release|x64 = Release|x64
		Release|x86 = Release|x86
	EndGlobalSection
	GlobalSection(ProjectConfigurationPlatforms) = postSolution
		{9FF17DC8-896E-4167-9020-FF875C70DE90}.Debug|x64.ActiveCfg = Debug|x64
		{9FF17DC8-896E-4167-9020-FF875C70DE90}.Debug|x64.Build.0 = Debug|x64
		{9FF17DC8-896E-4167-9020-FF875C70DE90}.Debug|x86.ActiveCfg = Debug|Win32
		{9FF17DC8-896E-4167-9020-FF875C70DE90}.Debug|x86.Build.0 = Debug|Win32
		{9FF17DC8-896E-4167-9020-FF875C70DE90}.Release|x64.ActiveCfg = Release|x64
		{9FF17DC8-896E-4167-9020-FF875C70DE90}.Release|x64.Build.0 = Release|x64
		{9FF17DC8-896E-4167-9020-FF875C70DE90}.Release|x86.ActiveCfg = Release|Win32
		{9FF17DC8-896E-4167-9020-FF875C70DE90}.Release|x86.Build.0 = Release|Win32
	EndGlobalSection
	GlobalSection(SolutionProperties) = preSolution
		HideSolutionNode = FALSE
	EndGlobalSection
	GlobalSection(ExtensibilityGlobals) = postSolution
		SolutionGuid = {0DD3981F-1FBA-4E03-9D5C-8AFFCB677BDD}
	EndGlobalSection
EndGlobal
