
Microsoft Visual Studio Solution File, Format Version 12.00
# Visual Studio Version 16
VisualStudioVersion = 16.0.31105.61
MinimumVisualStudioVersion = 10.0.40219.1
Project("{8BC9CEB8-8B4A-11D0-8D11-00A0C91BC942}") = "838. 子数组和为K", "838. 子数组和为K.vcxproj", "{F06B3FFC-72C6-4A4F-9AE4-C6D70855AD1F}"
EndProject
Global
	GlobalSection(SolutionConfigurationPlatforms) = preSolution
		Debug|x64 = Debug|x64
		Debug|x86 = Debug|x86
		Release|x64 = Release|x64
		Release|x86 = Release|x86
	EndGlobalSection
	GlobalSection(ProjectConfigurationPlatforms) = postSolution
		{F06B3FFC-72C6-4A4F-9AE4-C6D70855AD1F}.Debug|x64.ActiveCfg = Debug|x64
		{F06B3FFC-72C6-4A4F-9AE4-C6D70855AD1F}.Debug|x64.Build.0 = Debug|x64
		{F06B3FFC-72C6-4A4F-9AE4-C6D70855AD1F}.Debug|x86.ActiveCfg = Debug|Win32
		{F06B3FFC-72C6-4A4F-9AE4-C6D70855AD1F}.Debug|x86.Build.0 = Debug|Win32
		{F06B3FFC-72C6-4A4F-9AE4-C6D70855AD1F}.Release|x64.ActiveCfg = Release|x64
		{F06B3FFC-72C6-4A4F-9AE4-C6D70855AD1F}.Release|x64.Build.0 = Release|x64
		{F06B3FFC-72C6-4A4F-9AE4-C6D70855AD1F}.Release|x86.ActiveCfg = Release|Win32
		{F06B3FFC-72C6-4A4F-9AE4-C6D70855AD1F}.Release|x86.Build.0 = Release|Win32
	EndGlobalSection
	GlobalSection(SolutionProperties) = preSolution
		HideSolutionNode = FALSE
	EndGlobalSection
	GlobalSection(ExtensibilityGlobals) = postSolution
		SolutionGuid = {54E96B36-5AFD-4551-A1FF-A0F26A6313F0}
	EndGlobalSection
EndGlobal
