
Microsoft Visual Studio Solution File, Format Version 12.00
# Visual Studio Version 16
VisualStudioVersion = 16.0.31025.194
MinimumVisualStudioVersion = 10.0.40219.1
Project("{8BC9CEB8-8B4A-11D0-8D11-00A0C91BC942}") = "479. 数组第二大数", "479. 数组第二大数.vcxproj", "{412AF8D2-9CC5-4C71-AE4B-D4DDBC8BDD5A}"
EndProject
Global
	GlobalSection(SolutionConfigurationPlatforms) = preSolution
		Debug|x64 = Debug|x64
		Debug|x86 = Debug|x86
		Release|x64 = Release|x64
		Release|x86 = Release|x86
	EndGlobalSection
	GlobalSection(ProjectConfigurationPlatforms) = postSolution
		{412AF8D2-9CC5-4C71-AE4B-D4DDBC8BDD5A}.Debug|x64.ActiveCfg = Debug|x64
		{412AF8D2-9CC5-4C71-AE4B-D4DDBC8BDD5A}.Debug|x64.Build.0 = Debug|x64
		{412AF8D2-9CC5-4C71-AE4B-D4DDBC8BDD5A}.Debug|x86.ActiveCfg = Debug|Win32
		{412AF8D2-9CC5-4C71-AE4B-D4DDBC8BDD5A}.Debug|x86.Build.0 = Debug|Win32
		{412AF8D2-9CC5-4C71-AE4B-D4DDBC8BDD5A}.Release|x64.ActiveCfg = Release|x64
		{412AF8D2-9CC5-4C71-AE4B-D4DDBC8BDD5A}.Release|x64.Build.0 = Release|x64
		{412AF8D2-9CC5-4C71-AE4B-D4DDBC8BDD5A}.Release|x86.ActiveCfg = Release|Win32
		{412AF8D2-9CC5-4C71-AE4B-D4DDBC8BDD5A}.Release|x86.Build.0 = Release|Win32
	EndGlobalSection
	GlobalSection(SolutionProperties) = preSolution
		HideSolutionNode = FALSE
	EndGlobalSection
	GlobalSection(ExtensibilityGlobals) = postSolution
		SolutionGuid = {80DB3B36-C168-482A-810F-59ED0B9BA98A}
	EndGlobalSection
EndGlobal
