
Microsoft Visual Studio Solution File, Format Version 12.00
# Visual Studio Version 16
VisualStudioVersion = 16.0.31105.61
MinimumVisualStudioVersion = 10.0.40219.1
Project("{8BC9CEB8-8B4A-11D0-8D11-00A0C91BC942}") = "1886. 目标移动", "1886. 目标移动.vcxproj", "{C61880A7-320C-4765-BB38-7ACD6DDDF56B}"
EndProject
Global
	GlobalSection(SolutionConfigurationPlatforms) = preSolution
		Debug|x64 = Debug|x64
		Debug|x86 = Debug|x86
		Release|x64 = Release|x64
		Release|x86 = Release|x86
	EndGlobalSection
	GlobalSection(ProjectConfigurationPlatforms) = postSolution
		{C61880A7-320C-4765-BB38-7ACD6DDDF56B}.Debug|x64.ActiveCfg = Debug|x64
		{C61880A7-320C-4765-BB38-7ACD6DDDF56B}.Debug|x64.Build.0 = Debug|x64
		{C61880A7-320C-4765-BB38-7ACD6DDDF56B}.Debug|x86.ActiveCfg = Debug|Win32
		{C61880A7-320C-4765-BB38-7ACD6DDDF56B}.Debug|x86.Build.0 = Debug|Win32
		{C61880A7-320C-4765-BB38-7ACD6DDDF56B}.Release|x64.ActiveCfg = Release|x64
		{C61880A7-320C-4765-BB38-7ACD6DDDF56B}.Release|x64.Build.0 = Release|x64
		{C61880A7-320C-4765-BB38-7ACD6DDDF56B}.Release|x86.ActiveCfg = Release|Win32
		{C61880A7-320C-4765-BB38-7ACD6DDDF56B}.Release|x86.Build.0 = Release|Win32
	EndGlobalSection
	GlobalSection(SolutionProperties) = preSolution
		HideSolutionNode = FALSE
	EndGlobalSection
	GlobalSection(ExtensibilityGlobals) = postSolution
		SolutionGuid = {24B23BEC-F1A0-4BD5-A2E4-82AF683A9A8C}
	EndGlobalSection
EndGlobal
