
Microsoft Visual Studio Solution File, Format Version 12.00
# Visual Studio Version 16
VisualStudioVersion = 16.0.31105.61
MinimumVisualStudioVersion = 10.0.40219.1
Project("{8BC9CEB8-8B4A-11D0-8D11-00A0C91BC942}") = "1250. 第三大的数", "1250. 第三大的数.vcxproj", "{AED43B4E-1C04-4973-BD8F-978906A3EADC}"
EndProject
Global
	GlobalSection(SolutionConfigurationPlatforms) = preSolution
		Debug|x64 = Debug|x64
		Debug|x86 = Debug|x86
		Release|x64 = Release|x64
		Release|x86 = Release|x86
	EndGlobalSection
	GlobalSection(ProjectConfigurationPlatforms) = postSolution
		{AED43B4E-1C04-4973-BD8F-978906A3EADC}.Debug|x64.ActiveCfg = Debug|x64
		{AED43B4E-1C04-4973-BD8F-978906A3EADC}.Debug|x64.Build.0 = Debug|x64
		{AED43B4E-1C04-4973-BD8F-978906A3EADC}.Debug|x86.ActiveCfg = Debug|Win32
		{AED43B4E-1C04-4973-BD8F-978906A3EADC}.Debug|x86.Build.0 = Debug|Win32
		{AED43B4E-1C04-4973-BD8F-978906A3EADC}.Release|x64.ActiveCfg = Release|x64
		{AED43B4E-1C04-4973-BD8F-978906A3EADC}.Release|x64.Build.0 = Release|x64
		{AED43B4E-1C04-4973-BD8F-978906A3EADC}.Release|x86.ActiveCfg = Release|Win32
		{AED43B4E-1C04-4973-BD8F-978906A3EADC}.Release|x86.Build.0 = Release|Win32
	EndGlobalSection
	GlobalSection(SolutionProperties) = preSolution
		HideSolutionNode = FALSE
	EndGlobalSection
	GlobalSection(ExtensibilityGlobals) = postSolution
		SolutionGuid = {07F5C862-1B85-4A8B-9FD2-78E1BB58A633}
	EndGlobalSection
EndGlobal
