
Microsoft Visual Studio Solution File, Format Version 12.00
# Visual Studio Version 16
VisualStudioVersion = 16.0.31105.61
MinimumVisualStudioVersion = 10.0.40219.1
Project("{8BC9CEB8-8B4A-11D0-8D11-00A0C91BC942}") = "702. 连接两个字符串中的不同字符", "702. 连接两个字符串中的不同字符.vcxproj", "{C2C69E0E-AC0C-4491-A577-7AF08C0CC8A5}"
EndProject
Global
	GlobalSection(SolutionConfigurationPlatforms) = preSolution
		Debug|x64 = Debug|x64
		Debug|x86 = Debug|x86
		Release|x64 = Release|x64
		Release|x86 = Release|x86
	EndGlobalSection
	GlobalSection(ProjectConfigurationPlatforms) = postSolution
		{C2C69E0E-AC0C-4491-A577-7AF08C0CC8A5}.Debug|x64.ActiveCfg = Debug|x64
		{C2C69E0E-AC0C-4491-A577-7AF08C0CC8A5}.Debug|x64.Build.0 = Debug|x64
		{C2C69E0E-AC0C-4491-A577-7AF08C0CC8A5}.Debug|x86.ActiveCfg = Debug|Win32
		{C2C69E0E-AC0C-4491-A577-7AF08C0CC8A5}.Debug|x86.Build.0 = Debug|Win32
		{C2C69E0E-AC0C-4491-A577-7AF08C0CC8A5}.Release|x64.ActiveCfg = Release|x64
		{C2C69E0E-AC0C-4491-A577-7AF08C0CC8A5}.Release|x64.Build.0 = Release|x64
		{C2C69E0E-AC0C-4491-A577-7AF08C0CC8A5}.Release|x86.ActiveCfg = Release|Win32
		{C2C69E0E-AC0C-4491-A577-7AF08C0CC8A5}.Release|x86.Build.0 = Release|Win32
	EndGlobalSection
	GlobalSection(SolutionProperties) = preSolution
		HideSolutionNode = FALSE
	EndGlobalSection
	GlobalSection(ExtensibilityGlobals) = postSolution
		SolutionGuid = {B858E278-F6F0-4B8B-9E68-CBE521AA7997}
	EndGlobalSection
EndGlobal
