
Microsoft Visual Studio Solution File, Format Version 12.00
# Visual Studio Version 16
VisualStudioVersion = 16.0.31105.61
MinimumVisualStudioVersion = 10.0.40219.1
Project("{8BC9CEB8-8B4A-11D0-8D11-00A0C91BC942}") = "1354. 杨辉三角形II", "1354. 杨辉三角形II.vcxproj", "{676DC0D7-2A3A-40B1-9B04-64AD57F26512}"
EndProject
Global
	GlobalSection(SolutionConfigurationPlatforms) = preSolution
		Debug|x64 = Debug|x64
		Debug|x86 = Debug|x86
		Release|x64 = Release|x64
		Release|x86 = Release|x86
	EndGlobalSection
	GlobalSection(ProjectConfigurationPlatforms) = postSolution
		{676DC0D7-2A3A-40B1-9B04-64AD57F26512}.Debug|x64.ActiveCfg = Debug|x64
		{676DC0D7-2A3A-40B1-9B04-64AD57F26512}.Debug|x64.Build.0 = Debug|x64
		{676DC0D7-2A3A-40B1-9B04-64AD57F26512}.Debug|x86.ActiveCfg = Debug|Win32
		{676DC0D7-2A3A-40B1-9B04-64AD57F26512}.Debug|x86.Build.0 = Debug|Win32
		{676DC0D7-2A3A-40B1-9B04-64AD57F26512}.Release|x64.ActiveCfg = Release|x64
		{676DC0D7-2A3A-40B1-9B04-64AD57F26512}.Release|x64.Build.0 = Release|x64
		{676DC0D7-2A3A-40B1-9B04-64AD57F26512}.Release|x86.ActiveCfg = Release|Win32
		{676DC0D7-2A3A-40B1-9B04-64AD57F26512}.Release|x86.Build.0 = Release|Win32
	EndGlobalSection
	GlobalSection(SolutionProperties) = preSolution
		HideSolutionNode = FALSE
	EndGlobalSection
	GlobalSection(ExtensibilityGlobals) = postSolution
		SolutionGuid = {AC814283-2905-4FC9-9619-DA85A1E9BCC9}
	EndGlobalSection
EndGlobal
