
Microsoft Visual Studio Solution File, Format Version 12.00
# Visual Studio Version 16
VisualStudioVersion = 16.0.31025.194
MinimumVisualStudioVersion = 10.0.40219.1
Project("{8BC9CEB8-8B4A-11D0-8D11-00A0C91BC942}") = "321. 完美字符串", "321. 完美字符串.vcxproj", "{71B4773A-3F06-4C7C-8A90-7D3DD51ECF05}"
EndProject
Global
	GlobalSection(SolutionConfigurationPlatforms) = preSolution
		Debug|x64 = Debug|x64
		Debug|x86 = Debug|x86
		Release|x64 = Release|x64
		Release|x86 = Release|x86
	EndGlobalSection
	GlobalSection(ProjectConfigurationPlatforms) = postSolution
		{71B4773A-3F06-4C7C-8A90-7D3DD51ECF05}.Debug|x64.ActiveCfg = Debug|x64
		{71B4773A-3F06-4C7C-8A90-7D3DD51ECF05}.Debug|x64.Build.0 = Debug|x64
		{71B4773A-3F06-4C7C-8A90-7D3DD51ECF05}.Debug|x86.ActiveCfg = Debug|Win32
		{71B4773A-3F06-4C7C-8A90-7D3DD51ECF05}.Debug|x86.Build.0 = Debug|Win32
		{71B4773A-3F06-4C7C-8A90-7D3DD51ECF05}.Release|x64.ActiveCfg = Release|x64
		{71B4773A-3F06-4C7C-8A90-7D3DD51ECF05}.Release|x64.Build.0 = Release|x64
		{71B4773A-3F06-4C7C-8A90-7D3DD51ECF05}.Release|x86.ActiveCfg = Release|Win32
		{71B4773A-3F06-4C7C-8A90-7D3DD51ECF05}.Release|x86.Build.0 = Release|Win32
	EndGlobalSection
	GlobalSection(SolutionProperties) = preSolution
		HideSolutionNode = FALSE
	EndGlobalSection
	GlobalSection(ExtensibilityGlobals) = postSolution
		SolutionGuid = {2BA882A9-1314-4428-A045-5F3492126950}
	EndGlobalSection
EndGlobal
