
Microsoft Visual Studio Solution File, Format Version 12.00
# Visual Studio Version 16
VisualStudioVersion = 16.0.31025.194
MinimumVisualStudioVersion = 10.0.40219.1
Project("{8BC9CEB8-8B4A-11D0-8D11-00A0C91BC942}") = "318. 字符矩阵", "318. 字符矩阵.vcxproj", "{726C4E45-D766-4EFE-9D12-576AAA990972}"
EndProject
Global
	GlobalSection(SolutionConfigurationPlatforms) = preSolution
		Debug|x64 = Debug|x64
		Debug|x86 = Debug|x86
		Release|x64 = Release|x64
		Release|x86 = Release|x86
	EndGlobalSection
	GlobalSection(ProjectConfigurationPlatforms) = postSolution
		{726C4E45-D766-4EFE-9D12-576AAA990972}.Debug|x64.ActiveCfg = Debug|x64
		{726C4E45-D766-4EFE-9D12-576AAA990972}.Debug|x64.Build.0 = Debug|x64
		{726C4E45-D766-4EFE-9D12-576AAA990972}.Debug|x86.ActiveCfg = Debug|Win32
		{726C4E45-D766-4EFE-9D12-576AAA990972}.Debug|x86.Build.0 = Debug|Win32
		{726C4E45-D766-4EFE-9D12-576AAA990972}.Release|x64.ActiveCfg = Release|x64
		{726C4E45-D766-4EFE-9D12-576AAA990972}.Release|x64.Build.0 = Release|x64
		{726C4E45-D766-4EFE-9D12-576AAA990972}.Release|x86.ActiveCfg = Release|Win32
		{726C4E45-D766-4EFE-9D12-576AAA990972}.Release|x86.Build.0 = Release|Win32
	EndGlobalSection
	GlobalSection(SolutionProperties) = preSolution
		HideSolutionNode = FALSE
	EndGlobalSection
	GlobalSection(ExtensibilityGlobals) = postSolution
		SolutionGuid = {BEBCF361-BFC1-4ACE-B707-BC80B991E548}
	EndGlobalSection
EndGlobal
